
Microsoft Visual Studio Solution File, Format Version 12.00
# Visual Studio 15
Project("{FAE04EC0-301F-11D3-BF4B-00C04F79EFBC}") = "Native.iOS", "Native.iOS\Native.iOS.csproj", "{8A945922-D9FC-472E-A249-5B2D164DFD78}"
EndProject
Project("{FAE04EC0-301F-11D3-BF4B-00C04F79EFBC}") = "Native.Android", "Native.Android\Native.Android.csproj", "{68D0C81C-785D-4EA0-AFE0-2F6B8EAA1E55}"
EndProject
Project("{2150E333-8FDC-42A3-9474-1A3956D46DE8}") = "Library", "Library", "{79DDAA00-0F76-4AC1-910C-E1B55C83E86C}"
EndProject
Project("{2150E333-8FDC-42A3-9474-1A3956D46DE8}") = "Native", "Native", "{5D09D431-CD06-479F-8D60-EC007279A31D}"
EndProject
Project("{FAE04EC0-301F-11D3-BF4B-00C04F79EFBC}") = "BaiduMapSDK.Base.iOS", "BaiduMapSDK.Base.iOS\BaiduMapSDK.Base.iOS.csproj", "{5B058CE0-467C-4274-B617-53A758AE65D8}"
EndProject
Project("{FAE04EC0-301F-11D3-BF4B-00C04F79EFBC}") = "BaiduMapSDK.Search.iOS", "BaiduMapSDK.Search.iOS\BaiduMapSDK.Search.iOS.csproj", "{95AB206E-E4C9-4D4D-BDA7-0A0A301B6BDD}"
EndProject
Project("{FAE04EC0-301F-11D3-BF4B-00C04F79EFBC}") = "BaiduMapSDK.Map.iOS", "BaiduMapSDK.Map.iOS\BaiduMapSDK.Map.iOS.csproj", "{8741AB42-C81D-4095-93AC-DD8990E56A47}"
EndProject
Project("{2150E333-8FDC-42A3-9474-1A3956D46DE8}") = "FormsLibrary", "FormsLibrary", "{6F1093B6-06D5-44C3-AF75-7D947104A936}"
EndProject
Project("{FAE04EC0-301F-11D3-BF4B-00C04F79EFBC}") = "Sample.Android", "Sample.Android\Sample.Android.csproj", "{D8BC3027-3903-4ABE-A479-036BBE1FFB0A}"
EndProject
Project("{FAE04EC0-301F-11D3-BF4B-00C04F79EFBC}") = "Sample.iOS", "Sample.iOS\Sample.iOS.csproj", "{219C7043-FE4F-45A1-B520-9B16A541F7BD}"
EndProject
Project("{FAE04EC0-301F-11D3-BF4B-00C04F79EFBC}") = "Sample", "Sample\Sample.csproj", "{E9F92AAC-0492-4BFE-821B-A411077D4AC6}"
EndProject
Project("{FAE04EC0-301F-11D3-BF4B-00C04F79EFBC}") = "Xamarin.Forms.BaiduMaps.iOS", "Xamarin.Forms.BaiduMaps.iOS\Xamarin.Forms.BaiduMaps.iOS.csproj", "{AF1DEDB5-5BB1-4B96-8A5F-9FA8F39F27A3}"
EndProject
Project("{FAE04EC0-301F-11D3-BF4B-00C04F79EFBC}") = "Xamarin.Forms.BaiduMaps.Android", "Xamarin.Forms.BaiduMaps.Android\Xamarin.Forms.BaiduMaps.Android.csproj", "{219C4218-C443-4DC6-A702-EFE7B0F60BFA}"
EndProject
Project("{FAE04EC0-301F-11D3-BF4B-00C04F79EFBC}") = "Xamarin.Forms.BaiduMaps", "Xamarin.Forms.BaiduMaps\Xamarin.Forms.BaiduMaps.csproj", "{9E0B041A-9381-435E-A983-AFF38C7F4A32}"
EndProject
Project("{FAE04EC0-301F-11D3-BF4B-00C04F79EFBC}") = "BaiduMapSDK.Droid", "BaiduMapSDK.Droid\BaiduMapSDK.Droid.csproj", "{AF389E7D-CDAA-40DB-8289-E9CC78139E12}"
EndProject
Project("{FAE04EC0-301F-11D3-BF4B-00C04F79EFBC}") = "BMapBinding.Droid", "BMapBinding.Droid\BMapBinding.Droid.csproj", "{0B512933-8B33-43BE-8878-317DB02B0D48}"
EndProject
Global
	GlobalSection(SolutionConfigurationPlatforms) = preSolution
		Debug|Any CPU = Debug|Any CPU
		Release|Any CPU = Release|Any CPU
		Debug|iPhoneSimulator = Debug|iPhoneSimulator
		Release|iPhone = Release|iPhone
		Release|iPhoneSimulator = Release|iPhoneSimulator
		Debug|iPhone = Debug|iPhone
		Ad-Hoc|iPhone = Ad-Hoc|iPhone
		AppStore|iPhone = AppStore|iPhone
	EndGlobalSection
	GlobalSection(ProjectConfigurationPlatforms) = postSolution
		{8A945922-D9FC-472E-A249-5B2D164DFD78}.Debug|Any CPU.ActiveCfg = Debug|iPhoneSimulator
		{8A945922-D9FC-472E-A249-5B2D164DFD78}.Debug|Any CPU.Build.0 = Debug|iPhoneSimulator
		{8A945922-D9FC-472E-A249-5B2D164DFD78}.Release|Any CPU.ActiveCfg = Release|iPhone
		{8A945922-D9FC-472E-A249-5B2D164DFD78}.Release|Any CPU.Build.0 = Release|iPhone
		{8A945922-D9FC-472E-A249-5B2D164DFD78}.Debug|iPhoneSimulator.ActiveCfg = Debug|iPhoneSimulator
		{8A945922-D9FC-472E-A249-5B2D164DFD78}.Debug|iPhoneSimulator.Build.0 = Debug|iPhoneSimulator
		{8A945922-D9FC-472E-A249-5B2D164DFD78}.Release|iPhone.ActiveCfg = Release|iPhone
		{8A945922-D9FC-472E-A249-5B2D164DFD78}.Release|iPhone.Build.0 = Release|iPhone
		{8A945922-D9FC-472E-A249-5B2D164DFD78}.Release|iPhoneSimulator.ActiveCfg = Release|iPhoneSimulator
		{8A945922-D9FC-472E-A249-5B2D164DFD78}.Release|iPhoneSimulator.Build.0 = Release|iPhoneSimulator
		{8A945922-D9FC-472E-A249-5B2D164DFD78}.Debug|iPhone.ActiveCfg = Debug|iPhone
		{8A945922-D9FC-472E-A249-5B2D164DFD78}.Debug|iPhone.Build.0 = Debug|iPhone
		{8A945922-D9FC-472E-A249-5B2D164DFD78}.Ad-Hoc|iPhone.ActiveCfg = Release|iPhone
		{8A945922-D9FC-472E-A249-5B2D164DFD78}.Ad-Hoc|iPhone.Build.0 = Release|iPhone
		{8A945922-D9FC-472E-A249-5B2D164DFD78}.AppStore|iPhone.ActiveCfg = Release|iPhone
		{8A945922-D9FC-472E-A249-5B2D164DFD78}.AppStore|iPhone.Build.0 = Release|iPhone
		{68D0C81C-785D-4EA0-AFE0-2F6B8EAA1E55}.Debug|Any CPU.ActiveCfg = Debug|Any CPU
		{68D0C81C-785D-4EA0-AFE0-2F6B8EAA1E55}.Debug|Any CPU.Build.0 = Debug|Any CPU
		{68D0C81C-785D-4EA0-AFE0-2F6B8EAA1E55}.Release|Any CPU.ActiveCfg = Release|Any CPU
		{68D0C81C-785D-4EA0-AFE0-2F6B8EAA1E55}.Release|Any CPU.Build.0 = Release|Any CPU
		{68D0C81C-785D-4EA0-AFE0-2F6B8EAA1E55}.Debug|iPhoneSimulator.ActiveCfg = Debug|Any CPU
		{68D0C81C-785D-4EA0-AFE0-2F6B8EAA1E55}.Debug|iPhoneSimulator.Build.0 = Debug|Any CPU
		{68D0C81C-785D-4EA0-AFE0-2F6B8EAA1E55}.Release|iPhone.ActiveCfg = Release|Any CPU
		{68D0C81C-785D-4EA0-AFE0-2F6B8EAA1E55}.Release|iPhone.Build.0 = Release|Any CPU
		{68D0C81C-785D-4EA0-AFE0-2F6B8EAA1E55}.Release|iPhoneSimulator.ActiveCfg = Release|Any CPU
		{68D0C81C-785D-4EA0-AFE0-2F6B8EAA1E55}.Release|iPhoneSimulator.Build.0 = Release|Any CPU
		{68D0C81C-785D-4EA0-AFE0-2F6B8EAA1E55}.Debug|iPhone.ActiveCfg = Debug|Any CPU
		{68D0C81C-785D-4EA0-AFE0-2F6B8EAA1E55}.Debug|iPhone.Build.0 = Debug|Any CPU
		{68D0C81C-785D-4EA0-AFE0-2F6B8EAA1E55}.Ad-Hoc|iPhone.ActiveCfg = Debug|Any CPU
		{68D0C81C-785D-4EA0-AFE0-2F6B8EAA1E55}.Ad-Hoc|iPhone.Build.0 = Debug|Any CPU
		{68D0C81C-785D-4EA0-AFE0-2F6B8EAA1E55}.AppStore|iPhone.ActiveCfg = Debug|Any CPU
		{68D0C81C-785D-4EA0-AFE0-2F6B8EAA1E55}.AppStore|iPhone.Build.0 = Debug|Any CPU
		{5B058CE0-467C-4274-B617-53A758AE65D8}.Debug|Any CPU.ActiveCfg = Debug|Any CPU
		{5B058CE0-467C-4274-B617-53A758AE65D8}.Debug|Any CPU.Build.0 = Debug|Any CPU
		{5B058CE0-467C-4274-B617-53A758AE65D8}.Release|Any CPU.ActiveCfg = Release|Any CPU
		{5B058CE0-467C-4274-B617-53A758AE65D8}.Release|Any CPU.Build.0 = Release|Any CPU
		{5B058CE0-467C-4274-B617-53A758AE65D8}.Debug|iPhoneSimulator.ActiveCfg = Debug|Any CPU
		{5B058CE0-467C-4274-B617-53A758AE65D8}.Debug|iPhoneSimulator.Build.0 = Debug|Any CPU
		{5B058CE0-467C-4274-B617-53A758AE65D8}.Release|iPhone.ActiveCfg = Release|Any CPU
		{5B058CE0-467C-4274-B617-53A758AE65D8}.Release|iPhone.Build.0 = Release|Any CPU
		{5B058CE0-467C-4274-B617-53A758AE65D8}.Release|iPhoneSimulator.ActiveCfg = Release|Any CPU
		{5B058CE0-467C-4274-B617-53A758AE65D8}.Release|iPhoneSimulator.Build.0 = Release|Any CPU
		{5B058CE0-467C-4274-B617-53A758AE65D8}.Debug|iPhone.ActiveCfg = Debug|Any CPU
		{5B058CE0-467C-4274-B617-53A758AE65D8}.Debug|iPhone.Build.0 = Debug|Any CPU
		{5B058CE0-467C-4274-B617-53A758AE65D8}.Ad-Hoc|iPhone.ActiveCfg = Debug|Any CPU
		{5B058CE0-467C-4274-B617-53A758AE65D8}.Ad-Hoc|iPhone.Build.0 = Debug|Any CPU
		{5B058CE0-467C-4274-B617-53A758AE65D8}.AppStore|iPhone.ActiveCfg = Debug|Any CPU
		{5B058CE0-467C-4274-B617-53A758AE65D8}.AppStore|iPhone.Build.0 = Debug|Any CPU
		{95AB206E-E4C9-4D4D-BDA7-0A0A301B6BDD}.Debug|Any CPU.ActiveCfg = Debug|Any CPU
		{95AB206E-E4C9-4D4D-BDA7-0A0A301B6BDD}.Debug|Any CPU.Build.0 = Debug|Any CPU
		{95AB206E-E4C9-4D4D-BDA7-0A0A301B6BDD}.Release|Any CPU.ActiveCfg = Release|Any CPU
		{95AB206E-E4C9-4D4D-BDA7-0A0A301B6BDD}.Release|Any CPU.Build.0 = Release|Any CPU
		{95AB206E-E4C9-4D4D-BDA7-0A0A301B6BDD}.Debug|iPhoneSimulator.ActiveCfg = Debug|Any CPU
		{95AB206E-E4C9-4D4D-BDA7-0A0A301B6BDD}.Debug|iPhoneSimulator.Build.0 = Debug|Any CPU
		{95AB206E-E4C9-4D4D-BDA7-0A0A301B6BDD}.Release|iPhone.ActiveCfg = Release|Any CPU
		{95AB206E-E4C9-4D4D-BDA7-0A0A301B6BDD}.Release|iPhone.Build.0 = Release|Any CPU
		{95AB206E-E4C9-4D4D-BDA7-0A0A301B6BDD}.Release|iPhoneSimulator.ActiveCfg = Release|Any CPU
		{95AB206E-E4C9-4D4D-BDA7-0A0A301B6BDD}.Release|iPhoneSimulator.Build.0 = Release|Any CPU
		{95AB206E-E4C9-4D4D-BDA7-0A0A301B6BDD}.Debug|iPhone.ActiveCfg = Debug|Any CPU
		{95AB206E-E4C9-4D4D-BDA7-0A0A301B6BDD}.Debug|iPhone.Build.0 = Debug|Any CPU
		{95AB206E-E4C9-4D4D-BDA7-0A0A301B6BDD}.Ad-Hoc|iPhone.ActiveCfg = Debug|Any CPU
		{95AB206E-E4C9-4D4D-BDA7-0A0A301B6BDD}.Ad-Hoc|iPhone.Build.0 = Debug|Any CPU
		{95AB206E-E4C9-4D4D-BDA7-0A0A301B6BDD}.AppStore|iPhone.ActiveCfg = Debug|Any CPU
		{95AB206E-E4C9-4D4D-BDA7-0A0A301B6BDD}.AppStore|iPhone.Build.0 = Debug|Any CPU
		{8741AB42-C81D-4095-93AC-DD8990E56A47}.Debug|Any CPU.ActiveCfg = Debug|Any CPU
		{8741AB42-C81D-4095-93AC-DD8990E56A47}.Debug|Any CPU.Build.0 = Debug|Any CPU
		{8741AB42-C81D-4095-93AC-DD8990E56A47}.Release|Any CPU.ActiveCfg = Release|Any CPU
		{8741AB42-C81D-4095-93AC-DD8990E56A47}.Release|Any CPU.Build.0 = Release|Any CPU
		{8741AB42-C81D-4095-93AC-DD8990E56A47}.Debug|iPhoneSimulator.ActiveCfg = Debug|Any CPU
		{8741AB42-C81D-4095-93AC-DD8990E56A47}.Debug|iPhoneSimulator.Build.0 = Debug|Any CPU
		{8741AB42-C81D-4095-93AC-DD8990E56A47}.Release|iPhone.ActiveCfg = Release|Any CPU
		{8741AB42-C81D-4095-93AC-DD8990E56A47}.Release|iPhone.Build.0 = Release|Any CPU
		{8741AB42-C81D-4095-93AC-DD8990E56A47}.Release|iPhoneSimulator.ActiveCfg = Release|Any CPU
		{8741AB42-C81D-4095-93AC-DD8990E56A47}.Release|iPhoneSimulator.Build.0 = Release|Any CPU
		{8741AB42-C81D-4095-93AC-DD8990E56A47}.Debug|iPhone.ActiveCfg = Debug|Any CPU
		{8741AB42-C81D-4095-93AC-DD8990E56A47}.Debug|iPhone.Build.0 = Debug|Any CPU
		{8741AB42-C81D-4095-93AC-DD8990E56A47}.Ad-Hoc|iPhone.ActiveCfg = Debug|Any CPU
		{8741AB42-C81D-4095-93AC-DD8990E56A47}.Ad-Hoc|iPhone.Build.0 = Debug|Any CPU
		{8741AB42-C81D-4095-93AC-DD8990E56A47}.AppStore|iPhone.ActiveCfg = Debug|Any CPU
		{8741AB42-C81D-4095-93AC-DD8990E56A47}.AppStore|iPhone.Build.0 = Debug|Any CPU
		{D8BC3027-3903-4ABE-A479-036BBE1FFB0A}.Debug|Any CPU.ActiveCfg = Debug|Any CPU
		{D8BC3027-3903-4ABE-A479-036BBE1FFB0A}.Debug|Any CPU.Build.0 = Debug|Any CPU
		{D8BC3027-3903-4ABE-A479-036BBE1FFB0A}.Release|Any CPU.ActiveCfg = Release|Any CPU
		{D8BC3027-3903-4ABE-A479-036BBE1FFB0A}.Release|Any CPU.Build.0 = Release|Any CPU
		{D8BC3027-3903-4ABE-A479-036BBE1FFB0A}.Debug|iPhoneSimulator.ActiveCfg = Debug|Any CPU
		{D8BC3027-3903-4ABE-A479-036BBE1FFB0A}.Debug|iPhoneSimulator.Build.0 = Debug|Any CPU
		{D8BC3027-3903-4ABE-A479-036BBE1FFB0A}.Release|iPhone.ActiveCfg = Release|Any CPU
		{D8BC3027-3903-4ABE-A479-036BBE1FFB0A}.Release|iPhone.Build.0 = Release|Any CPU
		{D8BC3027-3903-4ABE-A479-036BBE1FFB0A}.Release|iPhoneSimulator.ActiveCfg = Release|Any CPU
		{D8BC3027-3903-4ABE-A479-036BBE1FFB0A}.Release|iPhoneSimulator.Build.0 = Release|Any CPU
		{D8BC3027-3903-4ABE-A479-036BBE1FFB0A}.Debug|iPhone.ActiveCfg = Debug|Any CPU
		{D8BC3027-3903-4ABE-A479-036BBE1FFB0A}.Debug|iPhone.Build.0 = Debug|Any CPU
		{D8BC3027-3903-4ABE-A479-036BBE1FFB0A}.Ad-Hoc|iPhone.ActiveCfg = Debug|Any CPU
		{D8BC3027-3903-4ABE-A479-036BBE1FFB0A}.Ad-Hoc|iPhone.Build.0 = Debug|Any CPU
		{D8BC3027-3903-4ABE-A479-036BBE1FFB0A}.AppStore|iPhone.ActiveCfg = Debug|Any CPU
		{D8BC3027-3903-4ABE-A479-036BBE1FFB0A}.AppStore|iPhone.Build.0 = Debug|Any CPU
		{219C7043-FE4F-45A1-B520-9B16A541F7BD}.Debug|Any CPU.ActiveCfg = Debug|iPhoneSimulator
		{219C7043-FE4F-45A1-B520-9B16A541F7BD}.Debug|Any CPU.Build.0 = Debug|iPhoneSimulator
		{219C7043-FE4F-45A1-B520-9B16A541F7BD}.Release|Any CPU.ActiveCfg = Release|iPhoneSimulator
		{219C7043-FE4F-45A1-B520-9B16A541F7BD}.Release|Any CPU.Build.0 = Release|iPhoneSimulator
		{219C7043-FE4F-45A1-B520-9B16A541F7BD}.Debug|iPhoneSimulator.ActiveCfg = Debug|iPhoneSimulator
		{219C7043-FE4F-45A1-B520-9B16A541F7BD}.Debug|iPhoneSimulator.Build.0 = Debug|iPhoneSimulator
		{219C7043-FE4F-45A1-B520-9B16A541F7BD}.Release|iPhone.ActiveCfg = Release|iPhone
		{219C7043-FE4F-45A1-B520-9B16A541F7BD}.Release|iPhone.Build.0 = Release|iPhone
		{219C7043-FE4F-45A1-B520-9B16A541F7BD}.Release|iPhoneSimulator.ActiveCfg = Release|iPhoneSimulator
		{219C7043-FE4F-45A1-B520-9B16A541F7BD}.Release|iPhoneSimulator.Build.0 = Release|iPhoneSimulator
		{219C7043-FE4F-45A1-B520-9B16A541F7BD}.Debug|iPhone.ActiveCfg = Debug|iPhone
		{219C7043-FE4F-45A1-B520-9B16A541F7BD}.Debug|iPhone.Build.0 = Debug|iPhone
		{219C7043-FE4F-45A1-B520-9B16A541F7BD}.Ad-Hoc|iPhone.ActiveCfg = Ad-Hoc|iPhone
		{219C7043-FE4F-45A1-B520-9B16A541F7BD}.Ad-Hoc|iPhone.Build.0 = Ad-Hoc|iPhone
		{219C7043-FE4F-45A1-B520-9B16A541F7BD}.AppStore|iPhone.ActiveCfg = AppStore|iPhone
		{219C7043-FE4F-45A1-B520-9B16A541F7BD}.AppStore|iPhone.Build.0 = AppStore|iPhone
		{E9F92AAC-0492-4BFE-821B-A411077D4AC6}.Debug|Any CPU.ActiveCfg = Debug|Any CPU
		{E9F92AAC-0492-4BFE-821B-A411077D4AC6}.Debug|Any CPU.Build.0 = Debug|Any CPU
		{E9F92AAC-0492-4BFE-821B-A411077D4AC6}.Release|Any CPU.ActiveCfg = Release|Any CPU
		{E9F92AAC-0492-4BFE-821B-A411077D4AC6}.Release|Any CPU.Build.0 = Release|Any CPU
		{E9F92AAC-0492-4BFE-821B-A411077D4AC6}.Debug|iPhoneSimulator.ActiveCfg = Debug|Any CPU
		{E9F92AAC-0492-4BFE-821B-A411077D4AC6}.Debug|iPhoneSimulator.Build.0 = Debug|Any CPU
		{E9F92AAC-0492-4BFE-821B-A411077D4AC6}.Release|iPhone.ActiveCfg = Release|Any CPU
		{E9F92AAC-0492-4BFE-821B-A411077D4AC6}.Release|iPhone.Build.0 = Release|Any CPU
		{E9F92AAC-0492-4BFE-821B-A411077D4AC6}.Release|iPhoneSimulator.ActiveCfg = Release|Any CPU
		{E9F92AAC-0492-4BFE-821B-A411077D4AC6}.Release|iPhoneSimulator.Build.0 = Release|Any CPU
		{E9F92AAC-0492-4BFE-821B-A411077D4AC6}.Debug|iPhone.ActiveCfg = Debug|Any CPU
		{E9F92AAC-0492-4BFE-821B-A411077D4AC6}.Debug|iPhone.Build.0 = Debug|Any CPU
		{E9F92AAC-0492-4BFE-821B-A411077D4AC6}.Ad-Hoc|iPhone.ActiveCfg = Debug|Any CPU
		{E9F92AAC-0492-4BFE-821B-A411077D4AC6}.Ad-Hoc|iPhone.Build.0 = Debug|Any CPU
		{E9F92AAC-0492-4BFE-821B-A411077D4AC6}.AppStore|iPhone.ActiveCfg = Debug|Any CPU
		{E9F92AAC-0492-4BFE-821B-A411077D4AC6}.AppStore|iPhone.Build.0 = Debug|Any CPU
		{AF1DEDB5-5BB1-4B96-8A5F-9FA8F39F27A3}.Debug|Any CPU.ActiveCfg = Debug|Any CPU
		{AF1DEDB5-5BB1-4B96-8A5F-9FA8F39F27A3}.Debug|Any CPU.Build.0 = Debug|Any CPU
		{AF1DEDB5-5BB1-4B96-8A5F-9FA8F39F27A3}.Release|Any CPU.ActiveCfg = Release|Any CPU
		{AF1DEDB5-5BB1-4B96-8A5F-9FA8F39F27A3}.Release|Any CPU.Build.0 = Release|Any CPU
		{AF1DEDB5-5BB1-4B96-8A5F-9FA8F39F27A3}.Debug|iPhoneSimulator.ActiveCfg = Debug|Any CPU
		{AF1DEDB5-5BB1-4B96-8A5F-9FA8F39F27A3}.Debug|iPhoneSimulator.Build.0 = Debug|Any CPU
		{AF1DEDB5-5BB1-4B96-8A5F-9FA8F39F27A3}.Release|iPhone.ActiveCfg = Release|Any CPU
		{AF1DEDB5-5BB1-4B96-8A5F-9FA8F39F27A3}.Release|iPhone.Build.0 = Release|Any CPU
		{AF1DEDB5-5BB1-4B96-8A5F-9FA8F39F27A3}.Release|iPhoneSimulator.ActiveCfg = Release|Any CPU
		{AF1DEDB5-5BB1-4B96-8A5F-9FA8F39F27A3}.Release|iPhoneSimulator.Build.0 = Release|Any CPU
		{AF1DEDB5-5BB1-4B96-8A5F-9FA8F39F27A3}.Debug|iPhone.ActiveCfg = Debug|Any CPU
		{AF1DEDB5-5BB1-4B96-8A5F-9FA8F39F27A3}.Debug|iPhone.Build.0 = Debug|Any CPU
		{AF1DEDB5-5BB1-4B96-8A5F-9FA8F39F27A3}.Ad-Hoc|iPhone.ActiveCfg = Debug|Any CPU
		{AF1DEDB5-5BB1-4B96-8A5F-9FA8F39F27A3}.Ad-Hoc|iPhone.Build.0 = Debug|Any CPU
		{AF1DEDB5-5BB1-4B96-8A5F-9FA8F39F27A3}.AppStore|iPhone.ActiveCfg = Debug|Any CPU
		{AF1DEDB5-5BB1-4B96-8A5F-9FA8F39F27A3}.AppStore|iPhone.Build.0 = Debug|Any CPU
		{219C4218-C443-4DC6-A702-EFE7B0F60BFA}.Debug|Any CPU.ActiveCfg = Debug|Any CPU
		{219C4218-C443-4DC6-A702-EFE7B0F60BFA}.Debug|Any CPU.Build.0 = Debug|Any CPU
		{219C4218-C443-4DC6-A702-EFE7B0F60BFA}.Release|Any CPU.ActiveCfg = Release|Any CPU
		{219C4218-C443-4DC6-A702-EFE7B0F60BFA}.Release|Any CPU.Build.0 = Release|Any CPU
		{219C4218-C443-4DC6-A702-EFE7B0F60BFA}.Debug|iPhoneSimulator.ActiveCfg = Debug|Any CPU
		{219C4218-C443-4DC6-A702-EFE7B0F60BFA}.Debug|iPhoneSimulator.Build.0 = Debug|Any CPU
		{219C4218-C443-4DC6-A702-EFE7B0F60BFA}.Release|iPhone.ActiveCfg = Release|Any CPU
		{219C4218-C443-4DC6-A702-EFE7B0F60BFA}.Release|iPhone.Build.0 = Release|Any CPU
		{219C4218-C443-4DC6-A702-EFE7B0F60BFA}.Release|iPhoneSimulator.ActiveCfg = Release|Any CPU
		{219C4218-C443-4DC6-A702-EFE7B0F60BFA}.Release|iPhoneSimulator.Build.0 = Release|Any CPU
		{219C4218-C443-4DC6-A702-EFE7B0F60BFA}.Debug|iPhone.ActiveCfg = Debug|Any CPU
		{219C4218-C443-4DC6-A702-EFE7B0F60BFA}.Debug|iPhone.Build.0 = Debug|Any CPU
		{219C4218-C443-4DC6-A702-EFE7B0F60BFA}.Ad-Hoc|iPhone.ActiveCfg = Debug|Any CPU
		{219C4218-C443-4DC6-A702-EFE7B0F60BFA}.Ad-Hoc|iPhone.Build.0 = Debug|Any CPU
		{219C4218-C443-4DC6-A702-EFE7B0F60BFA}.AppStore|iPhone.ActiveCfg = Debug|Any CPU
		{219C4218-C443-4DC6-A702-EFE7B0F60BFA}.AppStore|iPhone.Build.0 = Debug|Any CPU
		{9E0B041A-9381-435E-A983-AFF38C7F4A32}.Debug|Any CPU.ActiveCfg = Debug|Any CPU
		{9E0B041A-9381-435E-A983-AFF38C7F4A32}.Debug|Any CPU.Build.0 = Debug|Any CPU
		{9E0B041A-9381-435E-A983-AFF38C7F4A32}.Release|Any CPU.ActiveCfg = Release|Any CPU
		{9E0B041A-9381-435E-A983-AFF38C7F4A32}.Release|Any CPU.Build.0 = Release|Any CPU
		{9E0B041A-9381-435E-A983-AFF38C7F4A32}.Debug|iPhoneSimulator.ActiveCfg = Debug|Any CPU
		{9E0B041A-9381-435E-A983-AFF38C7F4A32}.Debug|iPhoneSimulator.Build.0 = Debug|Any CPU
		{9E0B041A-9381-435E-A983-AFF38C7F4A32}.Release|iPhone.ActiveCfg = Release|Any CPU
		{9E0B041A-9381-435E-A983-AFF38C7F4A32}.Release|iPhone.Build.0 = Release|Any CPU
		{9E0B041A-9381-435E-A983-AFF38C7F4A32}.Release|iPhoneSimulator.ActiveCfg = Release|Any CPU
		{9E0B041A-9381-435E-A983-AFF38C7F4A32}.Release|iPhoneSimulator.Build.0 = Release|Any CPU
		{9E0B041A-9381-435E-A983-AFF38C7F4A32}.Debug|iPhone.ActiveCfg = Debug|Any CPU
		{9E0B041A-9381-435E-A983-AFF38C7F4A32}.Debug|iPhone.Build.0 = Debug|Any CPU
		{9E0B041A-9381-435E-A983-AFF38C7F4A32}.Ad-Hoc|iPhone.ActiveCfg = Debug|Any CPU
		{9E0B041A-9381-435E-A983-AFF38C7F4A32}.Ad-Hoc|iPhone.Build.0 = Debug|Any CPU
		{9E0B041A-9381-435E-A983-AFF38C7F4A32}.AppStore|iPhone.ActiveCfg = Debug|Any CPU
		{9E0B041A-9381-435E-A983-AFF38C7F4A32}.AppStore|iPhone.Build.0 = Debug|Any CPU
		{AF389E7D-CDAA-40DB-8289-E9CC78139E12}.Debug|Any CPU.ActiveCfg = Debug|Any CPU
		{AF389E7D-CDAA-40DB-8289-E9CC78139E12}.Debug|Any CPU.Build.0 = Debug|Any CPU
		{AF389E7D-CDAA-40DB-8289-E9CC78139E12}.Release|Any CPU.ActiveCfg = Release|Any CPU
		{AF389E7D-CDAA-40DB-8289-E9CC78139E12}.Release|Any CPU.Build.0 = Release|Any CPU
		{AF389E7D-CDAA-40DB-8289-E9CC78139E12}.Debug|iPhoneSimulator.ActiveCfg = Debug|Any CPU
		{AF389E7D-CDAA-40DB-8289-E9CC78139E12}.Debug|iPhoneSimulator.Build.0 = Debug|Any CPU
		{AF389E7D-CDAA-40DB-8289-E9CC78139E12}.Release|iPhone.ActiveCfg = Release|Any CPU
		{AF389E7D-CDAA-40DB-8289-E9CC78139E12}.Release|iPhone.Build.0 = Release|Any CPU
		{AF389E7D-CDAA-40DB-8289-E9CC78139E12}.Release|iPhoneSimulator.ActiveCfg = Release|Any CPU
		{AF389E7D-CDAA-40DB-8289-E9CC78139E12}.Release|iPhoneSimulator.Build.0 = Release|Any CPU
		{AF389E7D-CDAA-40DB-8289-E9CC78139E12}.Debug|iPhone.ActiveCfg = Debug|Any CPU
		{AF389E7D-CDAA-40DB-8289-E9CC78139E12}.Debug|iPhone.Build.0 = Debug|Any CPU
		{AF389E7D-CDAA-40DB-8289-E9CC78139E12}.Ad-Hoc|iPhone.ActiveCfg = Debug|Any CPU
		{AF389E7D-CDAA-40DB-8289-E9CC78139E12}.Ad-Hoc|iPhone.Build.0 = Debug|Any CPU
		{AF389E7D-CDAA-40DB-8289-E9CC78139E12}.AppStore|iPhone.ActiveCfg = Debug|Any CPU
		{AF389E7D-CDAA-40DB-8289-E9CC78139E12}.AppStore|iPhone.Build.0 = Debug|Any CPU
		{0B512933-8B33-43BE-8878-317DB02B0D48}.Debug|Any CPU.ActiveCfg = Debug|Any CPU
		{0B512933-8B33-43BE-8878-317DB02B0D48}.Debug|Any CPU.Build.0 = Debug|Any CPU
		{0B512933-8B33-43BE-8878-317DB02B0D48}.Release|Any CPU.ActiveCfg = Release|Any CPU
		{0B512933-8B33-43BE-8878-317DB02B0D48}.Release|Any CPU.Build.0 = Release|Any CPU
		{0B512933-8B33-43BE-8878-317DB02B0D48}.Debug|iPhoneSimulator.ActiveCfg = Debug|Any CPU
		{0B512933-8B33-43BE-8878-317DB02B0D48}.Debug|iPhoneSimulator.Build.0 = Debug|Any CPU
		{0B512933-8B33-43BE-8878-317DB02B0D48}.Release|iPhone.ActiveCfg = Release|Any CPU
		{0B512933-8B33-43BE-8878-317DB02B0D48}.Release|iPhone.Build.0 = Release|Any CPU
		{0B512933-8B33-43BE-8878-317DB02B0D48}.Release|iPhoneSimulator.ActiveCfg = Release|Any CPU
		{0B512933-8B33-43BE-8878-317DB02B0D48}.Release|iPhoneSimulator.Build.0 = Release|Any CPU
		{0B512933-8B33-43BE-8878-317DB02B0D48}.Debug|iPhone.ActiveCfg = Debug|Any CPU
		{0B512933-8B33-43BE-8878-317DB02B0D48}.Debug|iPhone.Build.0 = Debug|Any CPU
		{0B512933-8B33-43BE-8878-317DB02B0D48}.Ad-Hoc|iPhone.ActiveCfg = Debug|Any CPU
		{0B512933-8B33-43BE-8878-317DB02B0D48}.Ad-Hoc|iPhone.Build.0 = Debug|Any CPU
		{0B512933-8B33-43BE-8878-317DB02B0D48}.AppStore|iPhone.ActiveCfg = Debug|Any CPU
		{0B512933-8B33-43BE-8878-317DB02B0D48}.AppStore|iPhone.Build.0 = Debug|Any CPU
	EndGlobalSection
	GlobalSection(NestedProjects) = preSolution
		{68D0C81C-785D-4EA0-AFE0-2F6B8EAA1E55} = {5D09D431-CD06-479F-8D60-EC007279A31D}
		{8A945922-D9FC-472E-A249-5B2D164DFD78} = {5D09D431-CD06-479F-8D60-EC007279A31D}
		{5B058CE0-467C-4274-B617-53A758AE65D8} = {79DDAA00-0F76-4AC1-910C-E1B55C83E86C}
		{8741AB42-C81D-4095-93AC-DD8990E56A47} = {79DDAA00-0F76-4AC1-910C-E1B55C83E86C}
		{95AB206E-E4C9-4D4D-BDA7-0A0A301B6BDD} = {79DDAA00-0F76-4AC1-910C-E1B55C83E86C}
		{219C4218-C443-4DC6-A702-EFE7B0F60BFA} = {6F1093B6-06D5-44C3-AF75-7D947104A936}
		{AF1DEDB5-5BB1-4B96-8A5F-9FA8F39F27A3} = {6F1093B6-06D5-44C3-AF75-7D947104A936}
		{9E0B041A-9381-435E-A983-AFF38C7F4A32} = {6F1093B6-06D5-44C3-AF75-7D947104A936}
		{AF389E7D-CDAA-40DB-8289-E9CC78139E12} = {79DDAA00-0F76-4AC1-910C-E1B55C83E86C}
		{0B512933-8B33-43BE-8878-317DB02B0D48} = {79DDAA00-0F76-4AC1-910C-E1B55C83E86C}
	EndGlobalSection
EndGlobal
