
Microsoft Visual Studio Solution File, Format Version 12.00
# Visual Studio 15
Project("{FAE04EC0-301F-11D3-BF4B-00C04F79EFBC}") = "BaiduMapSDK.Droid", "BaiduMapSDK.Droid\BaiduMapSDK.Droid.csproj", "{1D063BE7-D0CC-4477-AC03-B47FD7494528}"
EndProject
Project("{FAE04EC0-301F-11D3-BF4B-00C04F79EFBC}") = "Native.iOS", "Native.iOS\Native.iOS.csproj", "{8A945922-D9FC-472E-A249-5B2D164DFD78}"
EndProject
Project("{FAE04EC0-301F-11D3-BF4B-00C04F79EFBC}") = "Native.Android", "Native.Android\Native.Android.csproj", "{68D0C81C-785D-4EA0-AFE0-2F6B8EAA1E55}"
EndProject
Project("{2150E333-8FDC-42A3-9474-1A3956D46DE8}") = "Library", "Library", "{79DDAA00-0F76-4AC1-910C-E1B55C83E86C}"
EndProject
Project("{2150E333-8FDC-42A3-9474-1A3956D46DE8}") = "Native", "Native", "{5D09D431-CD06-479F-8D60-EC007279A31D}"
EndProject
Project("{FAE04EC0-301F-11D3-BF4B-00C04F79EFBC}") = "BaiduMapSDK.Base.iOS", "BaiduMapSDK.Base.iOS\BaiduMapSDK.Base.iOS.csproj", "{5B058CE0-467C-4274-B617-53A758AE65D8}"
EndProject
Project("{FAE04EC0-301F-11D3-BF4B-00C04F79EFBC}") = "BaiduMapSDK.Search.iOS", "BaiduMapSDK.Search.iOS\BaiduMapSDK.Search.iOS.csproj", "{95AB206E-E4C9-4D4D-BDA7-0A0A301B6BDD}"
EndProject
Project("{FAE04EC0-301F-11D3-BF4B-00C04F79EFBC}") = "BaiduMapSDK.Map.iOS", "BaiduMapSDK.Map.iOS\BaiduMapSDK.Map.iOS.csproj", "{8741AB42-C81D-4095-93AC-DD8990E56A47}"
EndProject
Project("{2150E333-8FDC-42A3-9474-1A3956D46DE8}") = "FormsLibrary", "FormsLibrary", "{6F1093B6-06D5-44C3-AF75-7D947104A936}"
EndProject
Project("{FAE04EC0-301F-11D3-BF4B-00C04F79EFBC}") = "Sample.Android", "Sample.Android\Sample.Android.csproj", "{66133C1E-AD85-4AED-8573-3DB481B7772A}"
EndProject
Project("{FAE04EC0-301F-11D3-BF4B-00C04F79EFBC}") = "Sample.iOS", "Sample.iOS\Sample.iOS.csproj", "{A88ACC62-1288-4D42-8884-805874183FB7}"
EndProject
Project("{FAE04EC0-301F-11D3-BF4B-00C04F79EFBC}") = "Sample", "Sample\Sample.csproj", "{24A68A07-9BB1-4A81-B191-0924E9244BBE}"
EndProject
Project("{FAE04EC0-301F-11D3-BF4B-00C04F79EFBC}") = "BaiduMapSDK.Forms", "BaiduMapSDK.Forms\BaiduMapSDK.Forms.csproj", "{8FA25863-C9A5-4505-956E-0A4389679F47}"
EndProject
Project("{FAE04EC0-301F-11D3-BF4B-00C04F79EFBC}") = "BaiduMapSDK.Forms.Android", "BaiduMapSDK.Forms.Android\BaiduMapSDK.Forms.Android.csproj", "{A75D975E-F3D6-43ED-8C2C-811F57DE3160}"
EndProject
Project("{FAE04EC0-301F-11D3-BF4B-00C04F79EFBC}") = "BaiduMapSDK.Forms.iOS", "BaiduMapSDK.Forms.iOS\BaiduMapSDK.Forms.iOS.csproj", "{92860968-7FC6-4D82-9561-4D95CC528DA9}"
EndProject
Global
	GlobalSection(SolutionConfigurationPlatforms) = preSolution
		Debug|Any CPU = Debug|Any CPU
		Release|Any CPU = Release|Any CPU
		Debug|iPhoneSimulator = Debug|iPhoneSimulator
		Release|iPhone = Release|iPhone
		Release|iPhoneSimulator = Release|iPhoneSimulator
		Debug|iPhone = Debug|iPhone
		Ad-Hoc|iPhone = Ad-Hoc|iPhone
		AppStore|iPhone = AppStore|iPhone
	EndGlobalSection
	GlobalSection(ProjectConfigurationPlatforms) = postSolution
		{1D063BE7-D0CC-4477-AC03-B47FD7494528}.Debug|Any CPU.ActiveCfg = Debug|Any CPU
		{1D063BE7-D0CC-4477-AC03-B47FD7494528}.Debug|Any CPU.Build.0 = Debug|Any CPU
		{1D063BE7-D0CC-4477-AC03-B47FD7494528}.Release|Any CPU.ActiveCfg = Release|Any CPU
		{1D063BE7-D0CC-4477-AC03-B47FD7494528}.Release|Any CPU.Build.0 = Release|Any CPU
		{1D063BE7-D0CC-4477-AC03-B47FD7494528}.Debug|iPhoneSimulator.ActiveCfg = Debug|Any CPU
		{1D063BE7-D0CC-4477-AC03-B47FD7494528}.Debug|iPhoneSimulator.Build.0 = Debug|Any CPU
		{1D063BE7-D0CC-4477-AC03-B47FD7494528}.Release|iPhone.ActiveCfg = Release|Any CPU
		{1D063BE7-D0CC-4477-AC03-B47FD7494528}.Release|iPhone.Build.0 = Release|Any CPU
		{1D063BE7-D0CC-4477-AC03-B47FD7494528}.Release|iPhoneSimulator.ActiveCfg = Release|Any CPU
		{1D063BE7-D0CC-4477-AC03-B47FD7494528}.Release|iPhoneSimulator.Build.0 = Release|Any CPU
		{1D063BE7-D0CC-4477-AC03-B47FD7494528}.Debug|iPhone.ActiveCfg = Debug|Any CPU
		{1D063BE7-D0CC-4477-AC03-B47FD7494528}.Debug|iPhone.Build.0 = Debug|Any CPU
		{1D063BE7-D0CC-4477-AC03-B47FD7494528}.Ad-Hoc|iPhone.ActiveCfg = Debug|Any CPU
		{1D063BE7-D0CC-4477-AC03-B47FD7494528}.Ad-Hoc|iPhone.Build.0 = Debug|Any CPU
		{1D063BE7-D0CC-4477-AC03-B47FD7494528}.AppStore|iPhone.ActiveCfg = Debug|Any CPU
		{1D063BE7-D0CC-4477-AC03-B47FD7494528}.AppStore|iPhone.Build.0 = Debug|Any CPU
		{8A945922-D9FC-472E-A249-5B2D164DFD78}.Debug|Any CPU.ActiveCfg = Debug|iPhoneSimulator
		{8A945922-D9FC-472E-A249-5B2D164DFD78}.Debug|Any CPU.Build.0 = Debug|iPhoneSimulator
		{8A945922-D9FC-472E-A249-5B2D164DFD78}.Release|Any CPU.ActiveCfg = Release|iPhone
		{8A945922-D9FC-472E-A249-5B2D164DFD78}.Release|Any CPU.Build.0 = Release|iPhone
		{8A945922-D9FC-472E-A249-5B2D164DFD78}.Debug|iPhoneSimulator.ActiveCfg = Debug|iPhoneSimulator
		{8A945922-D9FC-472E-A249-5B2D164DFD78}.Debug|iPhoneSimulator.Build.0 = Debug|iPhoneSimulator
		{8A945922-D9FC-472E-A249-5B2D164DFD78}.Release|iPhone.ActiveCfg = Release|iPhone
		{8A945922-D9FC-472E-A249-5B2D164DFD78}.Release|iPhone.Build.0 = Release|iPhone
		{8A945922-D9FC-472E-A249-5B2D164DFD78}.Release|iPhoneSimulator.ActiveCfg = Release|iPhoneSimulator
		{8A945922-D9FC-472E-A249-5B2D164DFD78}.Release|iPhoneSimulator.Build.0 = Release|iPhoneSimulator
		{8A945922-D9FC-472E-A249-5B2D164DFD78}.Debug|iPhone.ActiveCfg = Debug|iPhone
		{8A945922-D9FC-472E-A249-5B2D164DFD78}.Debug|iPhone.Build.0 = Debug|iPhone
		{8A945922-D9FC-472E-A249-5B2D164DFD78}.Ad-Hoc|iPhone.ActiveCfg = Release|iPhone
		{8A945922-D9FC-472E-A249-5B2D164DFD78}.Ad-Hoc|iPhone.Build.0 = Release|iPhone
		{8A945922-D9FC-472E-A249-5B2D164DFD78}.AppStore|iPhone.ActiveCfg = Release|iPhone
		{8A945922-D9FC-472E-A249-5B2D164DFD78}.AppStore|iPhone.Build.0 = Release|iPhone
		{68D0C81C-785D-4EA0-AFE0-2F6B8EAA1E55}.Debug|Any CPU.ActiveCfg = Debug|Any CPU
		{68D0C81C-785D-4EA0-AFE0-2F6B8EAA1E55}.Debug|Any CPU.Build.0 = Debug|Any CPU
		{68D0C81C-785D-4EA0-AFE0-2F6B8EAA1E55}.Release|Any CPU.ActiveCfg = Release|Any CPU
		{68D0C81C-785D-4EA0-AFE0-2F6B8EAA1E55}.Release|Any CPU.Build.0 = Release|Any CPU
		{68D0C81C-785D-4EA0-AFE0-2F6B8EAA1E55}.Debug|iPhoneSimulator.ActiveCfg = Debug|Any CPU
		{68D0C81C-785D-4EA0-AFE0-2F6B8EAA1E55}.Debug|iPhoneSimulator.Build.0 = Debug|Any CPU
		{68D0C81C-785D-4EA0-AFE0-2F6B8EAA1E55}.Release|iPhone.ActiveCfg = Release|Any CPU
		{68D0C81C-785D-4EA0-AFE0-2F6B8EAA1E55}.Release|iPhone.Build.0 = Release|Any CPU
		{68D0C81C-785D-4EA0-AFE0-2F6B8EAA1E55}.Release|iPhoneSimulator.ActiveCfg = Release|Any CPU
		{68D0C81C-785D-4EA0-AFE0-2F6B8EAA1E55}.Release|iPhoneSimulator.Build.0 = Release|Any CPU
		{68D0C81C-785D-4EA0-AFE0-2F6B8EAA1E55}.Debug|iPhone.ActiveCfg = Debug|Any CPU
		{68D0C81C-785D-4EA0-AFE0-2F6B8EAA1E55}.Debug|iPhone.Build.0 = Debug|Any CPU
		{68D0C81C-785D-4EA0-AFE0-2F6B8EAA1E55}.Ad-Hoc|iPhone.ActiveCfg = Debug|Any CPU
		{68D0C81C-785D-4EA0-AFE0-2F6B8EAA1E55}.Ad-Hoc|iPhone.Build.0 = Debug|Any CPU
		{68D0C81C-785D-4EA0-AFE0-2F6B8EAA1E55}.AppStore|iPhone.ActiveCfg = Debug|Any CPU
		{68D0C81C-785D-4EA0-AFE0-2F6B8EAA1E55}.AppStore|iPhone.Build.0 = Debug|Any CPU
		{5B058CE0-467C-4274-B617-53A758AE65D8}.Debug|Any CPU.ActiveCfg = Debug|Any CPU
		{5B058CE0-467C-4274-B617-53A758AE65D8}.Debug|Any CPU.Build.0 = Debug|Any CPU
		{5B058CE0-467C-4274-B617-53A758AE65D8}.Release|Any CPU.ActiveCfg = Release|Any CPU
		{5B058CE0-467C-4274-B617-53A758AE65D8}.Release|Any CPU.Build.0 = Release|Any CPU
		{5B058CE0-467C-4274-B617-53A758AE65D8}.Debug|iPhoneSimulator.ActiveCfg = Debug|Any CPU
		{5B058CE0-467C-4274-B617-53A758AE65D8}.Debug|iPhoneSimulator.Build.0 = Debug|Any CPU
		{5B058CE0-467C-4274-B617-53A758AE65D8}.Release|iPhone.ActiveCfg = Release|Any CPU
		{5B058CE0-467C-4274-B617-53A758AE65D8}.Release|iPhone.Build.0 = Release|Any CPU
		{5B058CE0-467C-4274-B617-53A758AE65D8}.Release|iPhoneSimulator.ActiveCfg = Release|Any CPU
		{5B058CE0-467C-4274-B617-53A758AE65D8}.Release|iPhoneSimulator.Build.0 = Release|Any CPU
		{5B058CE0-467C-4274-B617-53A758AE65D8}.Debug|iPhone.ActiveCfg = Debug|Any CPU
		{5B058CE0-467C-4274-B617-53A758AE65D8}.Debug|iPhone.Build.0 = Debug|Any CPU
		{5B058CE0-467C-4274-B617-53A758AE65D8}.Ad-Hoc|iPhone.ActiveCfg = Debug|Any CPU
		{5B058CE0-467C-4274-B617-53A758AE65D8}.Ad-Hoc|iPhone.Build.0 = Debug|Any CPU
		{5B058CE0-467C-4274-B617-53A758AE65D8}.AppStore|iPhone.ActiveCfg = Debug|Any CPU
		{5B058CE0-467C-4274-B617-53A758AE65D8}.AppStore|iPhone.Build.0 = Debug|Any CPU
		{95AB206E-E4C9-4D4D-BDA7-0A0A301B6BDD}.Debug|Any CPU.ActiveCfg = Debug|Any CPU
		{95AB206E-E4C9-4D4D-BDA7-0A0A301B6BDD}.Debug|Any CPU.Build.0 = Debug|Any CPU
		{95AB206E-E4C9-4D4D-BDA7-0A0A301B6BDD}.Release|Any CPU.ActiveCfg = Release|Any CPU
		{95AB206E-E4C9-4D4D-BDA7-0A0A301B6BDD}.Release|Any CPU.Build.0 = Release|Any CPU
		{95AB206E-E4C9-4D4D-BDA7-0A0A301B6BDD}.Debug|iPhoneSimulator.ActiveCfg = Debug|Any CPU
		{95AB206E-E4C9-4D4D-BDA7-0A0A301B6BDD}.Debug|iPhoneSimulator.Build.0 = Debug|Any CPU
		{95AB206E-E4C9-4D4D-BDA7-0A0A301B6BDD}.Release|iPhone.ActiveCfg = Release|Any CPU
		{95AB206E-E4C9-4D4D-BDA7-0A0A301B6BDD}.Release|iPhone.Build.0 = Release|Any CPU
		{95AB206E-E4C9-4D4D-BDA7-0A0A301B6BDD}.Release|iPhoneSimulator.ActiveCfg = Release|Any CPU
		{95AB206E-E4C9-4D4D-BDA7-0A0A301B6BDD}.Release|iPhoneSimulator.Build.0 = Release|Any CPU
		{95AB206E-E4C9-4D4D-BDA7-0A0A301B6BDD}.Debug|iPhone.ActiveCfg = Debug|Any CPU
		{95AB206E-E4C9-4D4D-BDA7-0A0A301B6BDD}.Debug|iPhone.Build.0 = Debug|Any CPU
		{95AB206E-E4C9-4D4D-BDA7-0A0A301B6BDD}.Ad-Hoc|iPhone.ActiveCfg = Debug|Any CPU
		{95AB206E-E4C9-4D4D-BDA7-0A0A301B6BDD}.Ad-Hoc|iPhone.Build.0 = Debug|Any CPU
		{95AB206E-E4C9-4D4D-BDA7-0A0A301B6BDD}.AppStore|iPhone.ActiveCfg = Debug|Any CPU
		{95AB206E-E4C9-4D4D-BDA7-0A0A301B6BDD}.AppStore|iPhone.Build.0 = Debug|Any CPU
		{8741AB42-C81D-4095-93AC-DD8990E56A47}.Debug|Any CPU.ActiveCfg = Debug|Any CPU
		{8741AB42-C81D-4095-93AC-DD8990E56A47}.Debug|Any CPU.Build.0 = Debug|Any CPU
		{8741AB42-C81D-4095-93AC-DD8990E56A47}.Release|Any CPU.ActiveCfg = Release|Any CPU
		{8741AB42-C81D-4095-93AC-DD8990E56A47}.Release|Any CPU.Build.0 = Release|Any CPU
		{8741AB42-C81D-4095-93AC-DD8990E56A47}.Debug|iPhoneSimulator.ActiveCfg = Debug|Any CPU
		{8741AB42-C81D-4095-93AC-DD8990E56A47}.Debug|iPhoneSimulator.Build.0 = Debug|Any CPU
		{8741AB42-C81D-4095-93AC-DD8990E56A47}.Release|iPhone.ActiveCfg = Release|Any CPU
		{8741AB42-C81D-4095-93AC-DD8990E56A47}.Release|iPhone.Build.0 = Release|Any CPU
		{8741AB42-C81D-4095-93AC-DD8990E56A47}.Release|iPhoneSimulator.ActiveCfg = Release|Any CPU
		{8741AB42-C81D-4095-93AC-DD8990E56A47}.Release|iPhoneSimulator.Build.0 = Release|Any CPU
		{8741AB42-C81D-4095-93AC-DD8990E56A47}.Debug|iPhone.ActiveCfg = Debug|Any CPU
		{8741AB42-C81D-4095-93AC-DD8990E56A47}.Debug|iPhone.Build.0 = Debug|Any CPU
		{8741AB42-C81D-4095-93AC-DD8990E56A47}.Ad-Hoc|iPhone.ActiveCfg = Debug|Any CPU
		{8741AB42-C81D-4095-93AC-DD8990E56A47}.Ad-Hoc|iPhone.Build.0 = Debug|Any CPU
		{8741AB42-C81D-4095-93AC-DD8990E56A47}.AppStore|iPhone.ActiveCfg = Debug|Any CPU
		{8741AB42-C81D-4095-93AC-DD8990E56A47}.AppStore|iPhone.Build.0 = Debug|Any CPU
		{66133C1E-AD85-4AED-8573-3DB481B7772A}.Debug|Any CPU.ActiveCfg = Debug|Any CPU
		{66133C1E-AD85-4AED-8573-3DB481B7772A}.Debug|Any CPU.Build.0 = Debug|Any CPU
		{66133C1E-AD85-4AED-8573-3DB481B7772A}.Release|Any CPU.ActiveCfg = Release|Any CPU
		{66133C1E-AD85-4AED-8573-3DB481B7772A}.Release|Any CPU.Build.0 = Release|Any CPU
		{66133C1E-AD85-4AED-8573-3DB481B7772A}.Debug|iPhoneSimulator.ActiveCfg = Debug|Any CPU
		{66133C1E-AD85-4AED-8573-3DB481B7772A}.Debug|iPhoneSimulator.Build.0 = Debug|Any CPU
		{66133C1E-AD85-4AED-8573-3DB481B7772A}.Release|iPhone.ActiveCfg = Release|Any CPU
		{66133C1E-AD85-4AED-8573-3DB481B7772A}.Release|iPhone.Build.0 = Release|Any CPU
		{66133C1E-AD85-4AED-8573-3DB481B7772A}.Release|iPhoneSimulator.ActiveCfg = Release|Any CPU
		{66133C1E-AD85-4AED-8573-3DB481B7772A}.Release|iPhoneSimulator.Build.0 = Release|Any CPU
		{66133C1E-AD85-4AED-8573-3DB481B7772A}.Debug|iPhone.ActiveCfg = Debug|Any CPU
		{66133C1E-AD85-4AED-8573-3DB481B7772A}.Debug|iPhone.Build.0 = Debug|Any CPU
		{66133C1E-AD85-4AED-8573-3DB481B7772A}.Ad-Hoc|iPhone.ActiveCfg = Release|Any CPU
		{66133C1E-AD85-4AED-8573-3DB481B7772A}.Ad-Hoc|iPhone.Build.0 = Release|Any CPU
		{66133C1E-AD85-4AED-8573-3DB481B7772A}.AppStore|iPhone.ActiveCfg = Release|Any CPU
		{66133C1E-AD85-4AED-8573-3DB481B7772A}.AppStore|iPhone.Build.0 = Release|Any CPU
		{A88ACC62-1288-4D42-8884-805874183FB7}.Debug|Any CPU.ActiveCfg = Debug|iPhoneSimulator
		{A88ACC62-1288-4D42-8884-805874183FB7}.Debug|Any CPU.Build.0 = Debug|iPhoneSimulator
		{A88ACC62-1288-4D42-8884-805874183FB7}.Release|Any CPU.ActiveCfg = Release|iPhone
		{A88ACC62-1288-4D42-8884-805874183FB7}.Release|Any CPU.Build.0 = Release|iPhone
		{A88ACC62-1288-4D42-8884-805874183FB7}.Debug|iPhoneSimulator.ActiveCfg = Debug|iPhoneSimulator
		{A88ACC62-1288-4D42-8884-805874183FB7}.Debug|iPhoneSimulator.Build.0 = Debug|iPhoneSimulator
		{A88ACC62-1288-4D42-8884-805874183FB7}.Release|iPhone.ActiveCfg = Release|iPhone
		{A88ACC62-1288-4D42-8884-805874183FB7}.Release|iPhone.Build.0 = Release|iPhone
		{A88ACC62-1288-4D42-8884-805874183FB7}.Release|iPhoneSimulator.ActiveCfg = Release|iPhoneSimulator
		{A88ACC62-1288-4D42-8884-805874183FB7}.Release|iPhoneSimulator.Build.0 = Release|iPhoneSimulator
		{A88ACC62-1288-4D42-8884-805874183FB7}.Debug|iPhone.ActiveCfg = Debug|iPhone
		{A88ACC62-1288-4D42-8884-805874183FB7}.Debug|iPhone.Build.0 = Debug|iPhone
		{A88ACC62-1288-4D42-8884-805874183FB7}.Ad-Hoc|iPhone.ActiveCfg = Ad-Hoc|iPhone
		{A88ACC62-1288-4D42-8884-805874183FB7}.Ad-Hoc|iPhone.Build.0 = Ad-Hoc|iPhone
		{A88ACC62-1288-4D42-8884-805874183FB7}.AppStore|iPhone.ActiveCfg = AppStore|iPhone
		{A88ACC62-1288-4D42-8884-805874183FB7}.AppStore|iPhone.Build.0 = AppStore|iPhone
		{24A68A07-9BB1-4A81-B191-0924E9244BBE}.Debug|Any CPU.ActiveCfg = Debug|Any CPU
		{24A68A07-9BB1-4A81-B191-0924E9244BBE}.Debug|Any CPU.Build.0 = Debug|Any CPU
		{24A68A07-9BB1-4A81-B191-0924E9244BBE}.Release|Any CPU.ActiveCfg = Release|Any CPU
		{24A68A07-9BB1-4A81-B191-0924E9244BBE}.Release|Any CPU.Build.0 = Release|Any CPU
		{24A68A07-9BB1-4A81-B191-0924E9244BBE}.Debug|iPhoneSimulator.ActiveCfg = Debug|Any CPU
		{24A68A07-9BB1-4A81-B191-0924E9244BBE}.Debug|iPhoneSimulator.Build.0 = Debug|Any CPU
		{24A68A07-9BB1-4A81-B191-0924E9244BBE}.Release|iPhone.ActiveCfg = Release|Any CPU
		{24A68A07-9BB1-4A81-B191-0924E9244BBE}.Release|iPhone.Build.0 = Release|Any CPU
		{24A68A07-9BB1-4A81-B191-0924E9244BBE}.Release|iPhoneSimulator.ActiveCfg = Release|Any CPU
		{24A68A07-9BB1-4A81-B191-0924E9244BBE}.Release|iPhoneSimulator.Build.0 = Release|Any CPU
		{24A68A07-9BB1-4A81-B191-0924E9244BBE}.Debug|iPhone.ActiveCfg = Debug|Any CPU
		{24A68A07-9BB1-4A81-B191-0924E9244BBE}.Debug|iPhone.Build.0 = Debug|Any CPU
		{24A68A07-9BB1-4A81-B191-0924E9244BBE}.Ad-Hoc|iPhone.ActiveCfg = Release|Any CPU
		{24A68A07-9BB1-4A81-B191-0924E9244BBE}.Ad-Hoc|iPhone.Build.0 = Release|Any CPU
		{24A68A07-9BB1-4A81-B191-0924E9244BBE}.AppStore|iPhone.ActiveCfg = Release|Any CPU
		{24A68A07-9BB1-4A81-B191-0924E9244BBE}.AppStore|iPhone.Build.0 = Release|Any CPU
		{8FA25863-C9A5-4505-956E-0A4389679F47}.Debug|Any CPU.ActiveCfg = Debug|Any CPU
		{8FA25863-C9A5-4505-956E-0A4389679F47}.Debug|Any CPU.Build.0 = Debug|Any CPU
		{8FA25863-C9A5-4505-956E-0A4389679F47}.Release|Any CPU.ActiveCfg = Release|Any CPU
		{8FA25863-C9A5-4505-956E-0A4389679F47}.Release|Any CPU.Build.0 = Release|Any CPU
		{8FA25863-C9A5-4505-956E-0A4389679F47}.Debug|iPhoneSimulator.ActiveCfg = Debug|Any CPU
		{8FA25863-C9A5-4505-956E-0A4389679F47}.Debug|iPhoneSimulator.Build.0 = Debug|Any CPU
		{8FA25863-C9A5-4505-956E-0A4389679F47}.Release|iPhone.ActiveCfg = Release|Any CPU
		{8FA25863-C9A5-4505-956E-0A4389679F47}.Release|iPhone.Build.0 = Release|Any CPU
		{8FA25863-C9A5-4505-956E-0A4389679F47}.Release|iPhoneSimulator.ActiveCfg = Release|Any CPU
		{8FA25863-C9A5-4505-956E-0A4389679F47}.Release|iPhoneSimulator.Build.0 = Release|Any CPU
		{8FA25863-C9A5-4505-956E-0A4389679F47}.Debug|iPhone.ActiveCfg = Debug|Any CPU
		{8FA25863-C9A5-4505-956E-0A4389679F47}.Debug|iPhone.Build.0 = Debug|Any CPU
		{8FA25863-C9A5-4505-956E-0A4389679F47}.Ad-Hoc|iPhone.ActiveCfg = Release|Any CPU
		{8FA25863-C9A5-4505-956E-0A4389679F47}.Ad-Hoc|iPhone.Build.0 = Release|Any CPU
		{8FA25863-C9A5-4505-956E-0A4389679F47}.AppStore|iPhone.ActiveCfg = Release|Any CPU
		{8FA25863-C9A5-4505-956E-0A4389679F47}.AppStore|iPhone.Build.0 = Release|Any CPU
		{A75D975E-F3D6-43ED-8C2C-811F57DE3160}.Debug|Any CPU.ActiveCfg = Debug|Any CPU
		{A75D975E-F3D6-43ED-8C2C-811F57DE3160}.Debug|Any CPU.Build.0 = Debug|Any CPU
		{A75D975E-F3D6-43ED-8C2C-811F57DE3160}.Release|Any CPU.ActiveCfg = Release|Any CPU
		{A75D975E-F3D6-43ED-8C2C-811F57DE3160}.Release|Any CPU.Build.0 = Release|Any CPU
		{A75D975E-F3D6-43ED-8C2C-811F57DE3160}.Debug|iPhoneSimulator.ActiveCfg = Debug|Any CPU
		{A75D975E-F3D6-43ED-8C2C-811F57DE3160}.Debug|iPhoneSimulator.Build.0 = Debug|Any CPU
		{A75D975E-F3D6-43ED-8C2C-811F57DE3160}.Release|iPhone.ActiveCfg = Release|Any CPU
		{A75D975E-F3D6-43ED-8C2C-811F57DE3160}.Release|iPhone.Build.0 = Release|Any CPU
		{A75D975E-F3D6-43ED-8C2C-811F57DE3160}.Release|iPhoneSimulator.ActiveCfg = Release|Any CPU
		{A75D975E-F3D6-43ED-8C2C-811F57DE3160}.Release|iPhoneSimulator.Build.0 = Release|Any CPU
		{A75D975E-F3D6-43ED-8C2C-811F57DE3160}.Debug|iPhone.ActiveCfg = Debug|Any CPU
		{A75D975E-F3D6-43ED-8C2C-811F57DE3160}.Debug|iPhone.Build.0 = Debug|Any CPU
		{A75D975E-F3D6-43ED-8C2C-811F57DE3160}.Ad-Hoc|iPhone.ActiveCfg = Release|Any CPU
		{A75D975E-F3D6-43ED-8C2C-811F57DE3160}.Ad-Hoc|iPhone.Build.0 = Release|Any CPU
		{A75D975E-F3D6-43ED-8C2C-811F57DE3160}.AppStore|iPhone.ActiveCfg = Release|Any CPU
		{A75D975E-F3D6-43ED-8C2C-811F57DE3160}.AppStore|iPhone.Build.0 = Release|Any CPU
		{92860968-7FC6-4D82-9561-4D95CC528DA9}.Debug|Any CPU.ActiveCfg = Debug|Any CPU
		{92860968-7FC6-4D82-9561-4D95CC528DA9}.Debug|Any CPU.Build.0 = Debug|Any CPU
		{92860968-7FC6-4D82-9561-4D95CC528DA9}.Release|Any CPU.ActiveCfg = Release|Any CPU
		{92860968-7FC6-4D82-9561-4D95CC528DA9}.Release|Any CPU.Build.0 = Release|Any CPU
		{92860968-7FC6-4D82-9561-4D95CC528DA9}.Debug|iPhoneSimulator.ActiveCfg = Debug|Any CPU
		{92860968-7FC6-4D82-9561-4D95CC528DA9}.Debug|iPhoneSimulator.Build.0 = Debug|Any CPU
		{92860968-7FC6-4D82-9561-4D95CC528DA9}.Release|iPhone.ActiveCfg = Release|Any CPU
		{92860968-7FC6-4D82-9561-4D95CC528DA9}.Release|iPhone.Build.0 = Release|Any CPU
		{92860968-7FC6-4D82-9561-4D95CC528DA9}.Release|iPhoneSimulator.ActiveCfg = Release|Any CPU
		{92860968-7FC6-4D82-9561-4D95CC528DA9}.Release|iPhoneSimulator.Build.0 = Release|Any CPU
		{92860968-7FC6-4D82-9561-4D95CC528DA9}.Debug|iPhone.ActiveCfg = Debug|Any CPU
		{92860968-7FC6-4D82-9561-4D95CC528DA9}.Debug|iPhone.Build.0 = Debug|Any CPU
		{92860968-7FC6-4D82-9561-4D95CC528DA9}.Ad-Hoc|iPhone.ActiveCfg = Release|Any CPU
		{92860968-7FC6-4D82-9561-4D95CC528DA9}.Ad-Hoc|iPhone.Build.0 = Release|Any CPU
		{92860968-7FC6-4D82-9561-4D95CC528DA9}.AppStore|iPhone.ActiveCfg = Release|Any CPU
		{92860968-7FC6-4D82-9561-4D95CC528DA9}.AppStore|iPhone.Build.0 = Release|Any CPU
	EndGlobalSection
	GlobalSection(NestedProjects) = preSolution
		{1D063BE7-D0CC-4477-AC03-B47FD7494528} = {79DDAA00-0F76-4AC1-910C-E1B55C83E86C}
		{68D0C81C-785D-4EA0-AFE0-2F6B8EAA1E55} = {5D09D431-CD06-479F-8D60-EC007279A31D}
		{8A945922-D9FC-472E-A249-5B2D164DFD78} = {5D09D431-CD06-479F-8D60-EC007279A31D}
		{5B058CE0-467C-4274-B617-53A758AE65D8} = {79DDAA00-0F76-4AC1-910C-E1B55C83E86C}
		{8741AB42-C81D-4095-93AC-DD8990E56A47} = {79DDAA00-0F76-4AC1-910C-E1B55C83E86C}
		{95AB206E-E4C9-4D4D-BDA7-0A0A301B6BDD} = {79DDAA00-0F76-4AC1-910C-E1B55C83E86C}
		{8FA25863-C9A5-4505-956E-0A4389679F47} = {6F1093B6-06D5-44C3-AF75-7D947104A936}
		{A75D975E-F3D6-43ED-8C2C-811F57DE3160} = {6F1093B6-06D5-44C3-AF75-7D947104A936}
		{92860968-7FC6-4D82-9561-4D95CC528DA9} = {6F1093B6-06D5-44C3-AF75-7D947104A936}
	EndGlobalSection
EndGlobal
